
Microsoft Visual Studio Solution File, Format Version 12.00
# Visual Studio Version 17
VisualStudioVersion = 17.10.35013.160
MinimumVisualStudioVersion = 10.0.40219.1
Project("{9A19103F-16F7-4668-BE54-9A1E7A4F7556}") = "WebPortal", "WebPortal.csproj", "{EDBA0BA5-283C-4EB1-92F8-2DE0FB2FB5DB}"
EndProject
Global
	GlobalSection(SolutionConfigurationPlatforms) = preSolution
		Debug|Any CPU = Debug|Any CPU
		Release|Any CPU = Release|Any CPU
	EndGlobalSection
	GlobalSection(ProjectConfigurationPlatforms) = postSolution
		{EDBA0BA5-283C-4EB1-92F8-2DE0FB2FB5DB}.Debug|Any CPU.ActiveCfg = Debug|Any CPU
		{EDBA0BA5-283C-4EB1-92F8-2DE0FB2FB5DB}.Debug|Any CPU.Build.0 = Debug|Any CPU
		{EDBA0BA5-283C-4EB1-92F8-2DE0FB2FB5DB}.Release|Any CPU.ActiveCfg = Release|Any CPU
		{EDBA0BA5-283C-4EB1-92F8-2DE0FB2FB5DB}.Release|Any CPU.Build.0 = Release|Any CPU
	EndGlobalSection
	GlobalSection(SolutionProperties) = preSolution
		HideSolutionNode = FALSE
	EndGlobalSection
	GlobalSection(ExtensibilityGlobals) = postSolution
		SolutionGuid = {D5FCCE25-297C-4460-94F3-97314094DD05}
	EndGlobalSection
EndGlobal
